
Microsoft Visual Studio Solution File, Format Version 12.00
# Visual Studio 2017
Project("{FAE04EC0-301F-11D3-BF4B-00C04F79EFBC}") = "JGA2018_A", "JGA2018_A.csproj", "{3D6B8B90-168E-A77E-FBFC-9ED08AFCE78B}"
EndProject
Project("{FAE04EC0-301F-11D3-BF4B-00C04F79EFBC}") = "JGA2018_A.Editor", "JGA2018_A.Editor.csproj", "{428944D5-C1C3-DDB6-4BBD-2D8FCC4ECE38}"
EndProject
Global
	GlobalSection(SolutionConfigurationPlatforms) = preSolution
		Debug|Any CPU = Debug|Any CPU
		Release|Any CPU = Release|Any CPU
	EndGlobalSection
	GlobalSection(ProjectConfigurationPlatforms) = postSolution
		{3D6B8B90-168E-A77E-FBFC-9ED08AFCE78B}.Debug|Any CPU.ActiveCfg = Debug|Any CPU
		{3D6B8B90-168E-A77E-FBFC-9ED08AFCE78B}.Debug|Any CPU.Build.0 = Debug|Any CPU
		{3D6B8B90-168E-A77E-FBFC-9ED08AFCE78B}.Release|Any CPU.ActiveCfg = Release|Any CPU
		{3D6B8B90-168E-A77E-FBFC-9ED08AFCE78B}.Release|Any CPU.Build.0 = Release|Any CPU
		{428944D5-C1C3-DDB6-4BBD-2D8FCC4ECE38}.Debug|Any CPU.ActiveCfg = Debug|Any CPU
		{428944D5-C1C3-DDB6-4BBD-2D8FCC4ECE38}.Debug|Any CPU.Build.0 = Debug|Any CPU
		{428944D5-C1C3-DDB6-4BBD-2D8FCC4ECE38}.Release|Any CPU.ActiveCfg = Release|Any CPU
		{428944D5-C1C3-DDB6-4BBD-2D8FCC4ECE38}.Release|Any CPU.Build.0 = Release|Any CPU
	EndGlobalSection
	GlobalSection(SolutionProperties) = preSolution
		HideSolutionNode = FALSE
	EndGlobalSection
EndGlobal
